
Microsoft Visual Studio Solution File, Format Version 12.00
# Visual Studio 14
VisualStudioVersion = 14.0.25123.0
MinimumVisualStudioVersion = 10.0.40219.1
Project("{444655DA-6DB0-4937-A902-21FEDC682085}") = "Sitecore.Support.94368", "Sitecore.Support.94368\Sitecore.Support.94368.csproj", "{F45388D7-A4F1-4D71-BCBF-B9F03EAF925E}"
EndProject
Global
	GlobalSection(SolutionConfigurationPlatforms) = preSolution
		Debug|Any CPU = Debug|Any CPU
		Release|Any CPU = Release|Any CPU
	EndGlobalSection
	GlobalSection(ProjectConfigurationPlatforms) = postSolution
		{F45388D7-A4F1-4D71-BCBF-B9F03EAF925E}.Debug|Any CPU.ActiveCfg = Debug|Any CPU
		{F45388D7-A4F1-4D71-BCBF-B9F03EAF925E}.Debug|Any CPU.Build.0 = Debug|Any CPU
		{F45388D7-A4F1-4D71-BCBF-B9F03EAF925E}.Release|Any CPU.ActiveCfg = Release|Any CPU
		{F45388D7-A4F1-4D71-BCBF-B9F03EAF925E}.Release|Any CPU.Build.0 = Release|Any CPU
	EndGlobalSection
	GlobalSection(SolutionProperties) = preSolution
		HideSolutionNode = FALSE
	EndGlobalSection
EndGlobal
